
Microsoft Visual Studio Solution File, Format Version 12.00
# Visual Studio Version 16
VisualStudioVersion = 16.0.30711.63
MinimumVisualStudioVersion = 15.0.26124.0
Project("{2150E333-8FDC-42A3-9474-1A3956D46DE8}") = "src", "src", "{EE697B9C-F0A8-4E53-B5C6-11940E7DEAD3}"
EndProject
Project("{9A19103F-16F7-4668-BE54-9A1E7A4F7556}") = "IdentityServer", "src\IdentityServer\IdentityServer.csproj", "{FB306916-2C45-457A-82A7-501C034F99BE}"
EndProject
Project("{9A19103F-16F7-4668-BE54-9A1E7A4F7556}") = "Api", "src\Api\Api.csproj", "{0C44CA93-765A-467B-9166-1D8CF0BA5A61}"
EndProject
Project("{9A19103F-16F7-4668-BE54-9A1E7A4F7556}") = "Client", "src\Client\Client.csproj", "{BD75D559-4CDD-4503-9D0C-8EF9BBFF1B45}"
EndProject
Project("{9A19103F-16F7-4668-BE54-9A1E7A4F7556}") = "MvcClient", "src\MvcClient\MvcClient.csproj", "{FA0687C6-D9BD-42DB-BFD2-4B45251454A4}"
EndProject
Project("{2150E333-8FDC-42A3-9474-1A3956D46DE8}") = "AdminIdentityServer", "AdminIdentityServer", "{5408171E-2A88-46AA-8F62-F55E99F7D475}"
EndProject
Project("{FAE04EC0-301F-11D3-BF4B-00C04F79EFBC}") = "AdminPanelIdentityServer.Server", "AdminPanelIdentityServer\Server\AdminPanelIdentityServer.Server.csproj", "{5FB12D10-63F6-4212-BBCD-ABAD67D99B57}"
EndProject
Project("{FAE04EC0-301F-11D3-BF4B-00C04F79EFBC}") = "AdminPanelIdentityServer.Client", "AdminPanelIdentityServer\Client\AdminPanelIdentityServer.Client.csproj", "{059EE8C0-BB9A-475C-A1A8-47933201059B}"
EndProject
Project("{FAE04EC0-301F-11D3-BF4B-00C04F79EFBC}") = "AdminPanelIdentityServer.Shared", "AdminPanelIdentityServer\Shared\AdminPanelIdentityServer.Shared.csproj", "{7B37CF00-82A8-4AD9-846E-D1F16BC1B3E4}"
EndProject
Global
	GlobalSection(SolutionConfigurationPlatforms) = preSolution
		Debug|Any CPU = Debug|Any CPU
		Debug|x64 = Debug|x64
		Debug|x86 = Debug|x86
		Release|Any CPU = Release|Any CPU
		Release|x64 = Release|x64
		Release|x86 = Release|x86
	EndGlobalSection
	GlobalSection(ProjectConfigurationPlatforms) = postSolution
		{FB306916-2C45-457A-82A7-501C034F99BE}.Debug|Any CPU.ActiveCfg = Debug|Any CPU
		{FB306916-2C45-457A-82A7-501C034F99BE}.Debug|Any CPU.Build.0 = Debug|Any CPU
		{FB306916-2C45-457A-82A7-501C034F99BE}.Debug|x64.ActiveCfg = Debug|Any CPU
		{FB306916-2C45-457A-82A7-501C034F99BE}.Debug|x64.Build.0 = Debug|Any CPU
		{FB306916-2C45-457A-82A7-501C034F99BE}.Debug|x86.ActiveCfg = Debug|Any CPU
		{FB306916-2C45-457A-82A7-501C034F99BE}.Debug|x86.Build.0 = Debug|Any CPU
		{FB306916-2C45-457A-82A7-501C034F99BE}.Release|Any CPU.ActiveCfg = Release|Any CPU
		{FB306916-2C45-457A-82A7-501C034F99BE}.Release|Any CPU.Build.0 = Release|Any CPU
		{FB306916-2C45-457A-82A7-501C034F99BE}.Release|x64.ActiveCfg = Release|Any CPU
		{FB306916-2C45-457A-82A7-501C034F99BE}.Release|x64.Build.0 = Release|Any CPU
		{FB306916-2C45-457A-82A7-501C034F99BE}.Release|x86.ActiveCfg = Release|Any CPU
		{FB306916-2C45-457A-82A7-501C034F99BE}.Release|x86.Build.0 = Release|Any CPU
		{0C44CA93-765A-467B-9166-1D8CF0BA5A61}.Debug|Any CPU.ActiveCfg = Debug|Any CPU
		{0C44CA93-765A-467B-9166-1D8CF0BA5A61}.Debug|Any CPU.Build.0 = Debug|Any CPU
		{0C44CA93-765A-467B-9166-1D8CF0BA5A61}.Debug|x64.ActiveCfg = Debug|Any CPU
		{0C44CA93-765A-467B-9166-1D8CF0BA5A61}.Debug|x64.Build.0 = Debug|Any CPU
		{0C44CA93-765A-467B-9166-1D8CF0BA5A61}.Debug|x86.ActiveCfg = Debug|Any CPU
		{0C44CA93-765A-467B-9166-1D8CF0BA5A61}.Debug|x86.Build.0 = Debug|Any CPU
		{0C44CA93-765A-467B-9166-1D8CF0BA5A61}.Release|Any CPU.ActiveCfg = Release|Any CPU
		{0C44CA93-765A-467B-9166-1D8CF0BA5A61}.Release|Any CPU.Build.0 = Release|Any CPU
		{0C44CA93-765A-467B-9166-1D8CF0BA5A61}.Release|x64.ActiveCfg = Release|Any CPU
		{0C44CA93-765A-467B-9166-1D8CF0BA5A61}.Release|x64.Build.0 = Release|Any CPU
		{0C44CA93-765A-467B-9166-1D8CF0BA5A61}.Release|x86.ActiveCfg = Release|Any CPU
		{0C44CA93-765A-467B-9166-1D8CF0BA5A61}.Release|x86.Build.0 = Release|Any CPU
		{BD75D559-4CDD-4503-9D0C-8EF9BBFF1B45}.Debug|Any CPU.ActiveCfg = Debug|Any CPU
		{BD75D559-4CDD-4503-9D0C-8EF9BBFF1B45}.Debug|Any CPU.Build.0 = Debug|Any CPU
		{BD75D559-4CDD-4503-9D0C-8EF9BBFF1B45}.Debug|x64.ActiveCfg = Debug|Any CPU
		{BD75D559-4CDD-4503-9D0C-8EF9BBFF1B45}.Debug|x64.Build.0 = Debug|Any CPU
		{BD75D559-4CDD-4503-9D0C-8EF9BBFF1B45}.Debug|x86.ActiveCfg = Debug|Any CPU
		{BD75D559-4CDD-4503-9D0C-8EF9BBFF1B45}.Debug|x86.Build.0 = Debug|Any CPU
		{BD75D559-4CDD-4503-9D0C-8EF9BBFF1B45}.Release|Any CPU.ActiveCfg = Release|Any CPU
		{BD75D559-4CDD-4503-9D0C-8EF9BBFF1B45}.Release|Any CPU.Build.0 = Release|Any CPU
		{BD75D559-4CDD-4503-9D0C-8EF9BBFF1B45}.Release|x64.ActiveCfg = Release|Any CPU
		{BD75D559-4CDD-4503-9D0C-8EF9BBFF1B45}.Release|x64.Build.0 = Release|Any CPU
		{BD75D559-4CDD-4503-9D0C-8EF9BBFF1B45}.Release|x86.ActiveCfg = Release|Any CPU
		{BD75D559-4CDD-4503-9D0C-8EF9BBFF1B45}.Release|x86.Build.0 = Release|Any CPU
		{FA0687C6-D9BD-42DB-BFD2-4B45251454A4}.Debug|Any CPU.ActiveCfg = Debug|Any CPU
		{FA0687C6-D9BD-42DB-BFD2-4B45251454A4}.Debug|Any CPU.Build.0 = Debug|Any CPU
		{FA0687C6-D9BD-42DB-BFD2-4B45251454A4}.Debug|x64.ActiveCfg = Debug|Any CPU
		{FA0687C6-D9BD-42DB-BFD2-4B45251454A4}.Debug|x64.Build.0 = Debug|Any CPU
		{FA0687C6-D9BD-42DB-BFD2-4B45251454A4}.Debug|x86.ActiveCfg = Debug|Any CPU
		{FA0687C6-D9BD-42DB-BFD2-4B45251454A4}.Debug|x86.Build.0 = Debug|Any CPU
		{FA0687C6-D9BD-42DB-BFD2-4B45251454A4}.Release|Any CPU.ActiveCfg = Release|Any CPU
		{FA0687C6-D9BD-42DB-BFD2-4B45251454A4}.Release|Any CPU.Build.0 = Release|Any CPU
		{FA0687C6-D9BD-42DB-BFD2-4B45251454A4}.Release|x64.ActiveCfg = Release|Any CPU
		{FA0687C6-D9BD-42DB-BFD2-4B45251454A4}.Release|x64.Build.0 = Release|Any CPU
		{FA0687C6-D9BD-42DB-BFD2-4B45251454A4}.Release|x86.ActiveCfg = Release|Any CPU
		{FA0687C6-D9BD-42DB-BFD2-4B45251454A4}.Release|x86.Build.0 = Release|Any CPU
		{5FB12D10-63F6-4212-BBCD-ABAD67D99B57}.Debug|Any CPU.ActiveCfg = Debug|Any CPU
		{5FB12D10-63F6-4212-BBCD-ABAD67D99B57}.Debug|Any CPU.Build.0 = Debug|Any CPU
		{5FB12D10-63F6-4212-BBCD-ABAD67D99B57}.Debug|x64.ActiveCfg = Debug|Any CPU
		{5FB12D10-63F6-4212-BBCD-ABAD67D99B57}.Debug|x64.Build.0 = Debug|Any CPU
		{5FB12D10-63F6-4212-BBCD-ABAD67D99B57}.Debug|x86.ActiveCfg = Debug|Any CPU
		{5FB12D10-63F6-4212-BBCD-ABAD67D99B57}.Debug|x86.Build.0 = Debug|Any CPU
		{5FB12D10-63F6-4212-BBCD-ABAD67D99B57}.Release|Any CPU.ActiveCfg = Release|Any CPU
		{5FB12D10-63F6-4212-BBCD-ABAD67D99B57}.Release|Any CPU.Build.0 = Release|Any CPU
		{5FB12D10-63F6-4212-BBCD-ABAD67D99B57}.Release|x64.ActiveCfg = Release|Any CPU
		{5FB12D10-63F6-4212-BBCD-ABAD67D99B57}.Release|x64.Build.0 = Release|Any CPU
		{5FB12D10-63F6-4212-BBCD-ABAD67D99B57}.Release|x86.ActiveCfg = Release|Any CPU
		{5FB12D10-63F6-4212-BBCD-ABAD67D99B57}.Release|x86.Build.0 = Release|Any CPU
		{059EE8C0-BB9A-475C-A1A8-47933201059B}.Debug|Any CPU.ActiveCfg = Debug|Any CPU
		{059EE8C0-BB9A-475C-A1A8-47933201059B}.Debug|Any CPU.Build.0 = Debug|Any CPU
		{059EE8C0-BB9A-475C-A1A8-47933201059B}.Debug|x64.ActiveCfg = Debug|Any CPU
		{059EE8C0-BB9A-475C-A1A8-47933201059B}.Debug|x64.Build.0 = Debug|Any CPU
		{059EE8C0-BB9A-475C-A1A8-47933201059B}.Debug|x86.ActiveCfg = Debug|Any CPU
		{059EE8C0-BB9A-475C-A1A8-47933201059B}.Debug|x86.Build.0 = Debug|Any CPU
		{059EE8C0-BB9A-475C-A1A8-47933201059B}.Release|Any CPU.ActiveCfg = Release|Any CPU
		{059EE8C0-BB9A-475C-A1A8-47933201059B}.Release|Any CPU.Build.0 = Release|Any CPU
		{059EE8C0-BB9A-475C-A1A8-47933201059B}.Release|x64.ActiveCfg = Release|Any CPU
		{059EE8C0-BB9A-475C-A1A8-47933201059B}.Release|x64.Build.0 = Release|Any CPU
		{059EE8C0-BB9A-475C-A1A8-47933201059B}.Release|x86.ActiveCfg = Release|Any CPU
		{059EE8C0-BB9A-475C-A1A8-47933201059B}.Release|x86.Build.0 = Release|Any CPU
		{7B37CF00-82A8-4AD9-846E-D1F16BC1B3E4}.Debug|Any CPU.ActiveCfg = Debug|Any CPU
		{7B37CF00-82A8-4AD9-846E-D1F16BC1B3E4}.Debug|Any CPU.Build.0 = Debug|Any CPU
		{7B37CF00-82A8-4AD9-846E-D1F16BC1B3E4}.Debug|x64.ActiveCfg = Debug|Any CPU
		{7B37CF00-82A8-4AD9-846E-D1F16BC1B3E4}.Debug|x64.Build.0 = Debug|Any CPU
		{7B37CF00-82A8-4AD9-846E-D1F16BC1B3E4}.Debug|x86.ActiveCfg = Debug|Any CPU
		{7B37CF00-82A8-4AD9-846E-D1F16BC1B3E4}.Debug|x86.Build.0 = Debug|Any CPU
		{7B37CF00-82A8-4AD9-846E-D1F16BC1B3E4}.Release|Any CPU.ActiveCfg = Release|Any CPU
		{7B37CF00-82A8-4AD9-846E-D1F16BC1B3E4}.Release|Any CPU.Build.0 = Release|Any CPU
		{7B37CF00-82A8-4AD9-846E-D1F16BC1B3E4}.Release|x64.ActiveCfg = Release|Any CPU
		{7B37CF00-82A8-4AD9-846E-D1F16BC1B3E4}.Release|x64.Build.0 = Release|Any CPU
		{7B37CF00-82A8-4AD9-846E-D1F16BC1B3E4}.Release|x86.ActiveCfg = Release|Any CPU
		{7B37CF00-82A8-4AD9-846E-D1F16BC1B3E4}.Release|x86.Build.0 = Release|Any CPU
	EndGlobalSection
	GlobalSection(SolutionProperties) = preSolution
		HideSolutionNode = FALSE
	EndGlobalSection
	GlobalSection(NestedProjects) = preSolution
		{FB306916-2C45-457A-82A7-501C034F99BE} = {EE697B9C-F0A8-4E53-B5C6-11940E7DEAD3}
		{0C44CA93-765A-467B-9166-1D8CF0BA5A61} = {EE697B9C-F0A8-4E53-B5C6-11940E7DEAD3}
		{BD75D559-4CDD-4503-9D0C-8EF9BBFF1B45} = {EE697B9C-F0A8-4E53-B5C6-11940E7DEAD3}
		{FA0687C6-D9BD-42DB-BFD2-4B45251454A4} = {EE697B9C-F0A8-4E53-B5C6-11940E7DEAD3}
		{5408171E-2A88-46AA-8F62-F55E99F7D475} = {EE697B9C-F0A8-4E53-B5C6-11940E7DEAD3}
		{5FB12D10-63F6-4212-BBCD-ABAD67D99B57} = {5408171E-2A88-46AA-8F62-F55E99F7D475}
		{059EE8C0-BB9A-475C-A1A8-47933201059B} = {5408171E-2A88-46AA-8F62-F55E99F7D475}
		{7B37CF00-82A8-4AD9-846E-D1F16BC1B3E4} = {5408171E-2A88-46AA-8F62-F55E99F7D475}
	EndGlobalSection
	GlobalSection(ExtensibilityGlobals) = postSolution
		SolutionGuid = {B1201590-346D-42F8-A8D6-A77750761F44}
	EndGlobalSection
EndGlobal
